
Microsoft Visual Studio Solution File, Format Version 11.00
# Visual Studio 2010
Project("{8BC9CEB8-8B4A-11D0-8D11-00A0C91BC942}") = "USB2XXX_LINEX_RelayTest", "USB2XXX_LINEX_RelayTest\USB2XXX_LINEX_RelayTest.vcxproj", "{620A25DA-8B83-4B21-9A71-271586F496A2}"
EndProject
Global
	GlobalSection(SolutionConfigurationPlatforms) = preSolution
		Debug|Win32 = Debug|Win32
		Release|Win32 = Release|Win32
	EndGlobalSection
	GlobalSection(ProjectConfigurationPlatforms) = postSolution
		{620A25DA-8B83-4B21-9A71-271586F496A2}.Debug|Win32.ActiveCfg = Debug|Win32
		{620A25DA-8B83-4B21-9A71-271586F496A2}.Debug|Win32.Build.0 = Debug|Win32
		{620A25DA-8B83-4B21-9A71-271586F496A2}.Release|Win32.ActiveCfg = Release|Win32
		{620A25DA-8B83-4B21-9A71-271586F496A2}.Release|Win32.Build.0 = Release|Win32
	EndGlobalSection
	GlobalSection(SolutionProperties) = preSolution
		HideSolutionNode = FALSE
	EndGlobalSection
EndGlobal
