
Microsoft Visual Studio Solution File, Format Version 11.00
# Visual Studio 2010
Project("{FAE04EC0-301F-11D3-BF4B-00C04F79EFBC}") = "USB2XXX_LIN_EX_MasterSchTest", "USB2XXX_LIN_EX_MasterSchTest\USB2XXX_LIN_EX_MasterSchTest.csproj", "{F092C577-AAA5-4CA0-8F75-9D81C9610724}"
EndProject
Global
	GlobalSection(SolutionConfigurationPlatforms) = preSolution
		Debug|x86 = Debug|x86
		Release|x86 = Release|x86
	EndGlobalSection
	GlobalSection(ProjectConfigurationPlatforms) = postSolution
		{F092C577-AAA5-4CA0-8F75-9D81C9610724}.Debug|x86.ActiveCfg = Debug|x86
		{F092C577-AAA5-4CA0-8F75-9D81C9610724}.Debug|x86.Build.0 = Debug|x86
		{F092C577-AAA5-4CA0-8F75-9D81C9610724}.Release|x86.ActiveCfg = Release|x86
		{F092C577-AAA5-4CA0-8F75-9D81C9610724}.Release|x86.Build.0 = Release|x86
	EndGlobalSection
	GlobalSection(SolutionProperties) = preSolution
		HideSolutionNode = FALSE
	EndGlobalSection
EndGlobal
